
Microsoft Visual Studio Solution File, Format Version 12.00
# Visual Studio Version 17
VisualStudioVersion = 17.4.33403.182
MinimumVisualStudioVersion = 10.0.40219.1
Project("{9A19103F-16F7-4668-BE54-9A1E7A4F7556}") = "DriveOfCity", "DriveOfCity.csproj", "{2FC98C69-50DA-4033-9187-55F96D2DCAD2}"
EndProject
Global
	GlobalSection(SolutionConfigurationPlatforms) = preSolution
		Debug|Any CPU = Debug|Any CPU
		Release|Any CPU = Release|Any CPU
	EndGlobalSection
	GlobalSection(ProjectConfigurationPlatforms) = postSolution
		{2FC98C69-50DA-4033-9187-55F96D2DCAD2}.Debug|Any CPU.ActiveCfg = Debug|Any CPU
		{2FC98C69-50DA-4033-9187-55F96D2DCAD2}.Debug|Any CPU.Build.0 = Debug|Any CPU
		{2FC98C69-50DA-4033-9187-55F96D2DCAD2}.Release|Any CPU.ActiveCfg = Release|Any CPU
		{2FC98C69-50DA-4033-9187-55F96D2DCAD2}.Release|Any CPU.Build.0 = Release|Any CPU
	EndGlobalSection
	GlobalSection(SolutionProperties) = preSolution
		HideSolutionNode = FALSE
	EndGlobalSection
	GlobalSection(ExtensibilityGlobals) = postSolution
		SolutionGuid = {EA460542-9FB2-47B5-A82D-2F6BF5A82AD5}
	EndGlobalSection
EndGlobal
